
Microsoft Visual Studio Solution File, Format Version 12.00
# Visual Studio Version 17
VisualStudioVersion = 17.1.32414.318
MinimumVisualStudioVersion = 10.0.40219.1
Project("{FAE04EC0-301F-11D3-BF4B-00C04F79EFBC}") = "EmbroiderySupportTool", "EmbroiderySupportTool\EmbroiderySupportTool.csproj", "{01EA539B-40B1-4FF1-95EC-F7A5C6E58E8C}"
EndProject
Global
	GlobalSection(SolutionConfigurationPlatforms) = preSolution
		Debug|Any CPU = Debug|Any CPU
		Release|Any CPU = Release|Any CPU
	EndGlobalSection
	GlobalSection(ProjectConfigurationPlatforms) = postSolution
		{01EA539B-40B1-4FF1-95EC-F7A5C6E58E8C}.Debug|Any CPU.ActiveCfg = Debug|Any CPU
		{01EA539B-40B1-4FF1-95EC-F7A5C6E58E8C}.Debug|Any CPU.Build.0 = Debug|Any CPU
		{01EA539B-40B1-4FF1-95EC-F7A5C6E58E8C}.Release|Any CPU.ActiveCfg = Release|Any CPU
		{01EA539B-40B1-4FF1-95EC-F7A5C6E58E8C}.Release|Any CPU.Build.0 = Release|Any CPU
	EndGlobalSection
	GlobalSection(SolutionProperties) = preSolution
		HideSolutionNode = FALSE
	EndGlobalSection
	GlobalSection(ExtensibilityGlobals) = postSolution
		SolutionGuid = {33A9A2E1-1CB2-4CFF-A8EB-FEE88DDAFECA}
	EndGlobalSection
EndGlobal
